{
  "nodes": {
    "home-manager": {
      "inputs": {
        "nixpkgs": [
          "nixpkgs"
        ]
      },
      "locked": {
        "lastModified": 1767802041,
        "narHash": "sha256-ZhgbFGQGeJaZ/xkwyHlgUCeHuIdEDqugYkObPL0NCyo=",
        "owner": "nix-community",
        "repo": "home-manager",
        "rev": "bdaa3743831168787f528570f2b87963e72a2f23",
        "type": "github"
      },
      "original": {
        "owner": "nix-community",
        "repo": "home-manager",
        "type": "github"
      }
    },
    "nixpkgs": {
      "locked": {
        "lastModified": 1767640445,
        "narHash": "sha256-UWYqmD7JFBEDBHWYcqE6s6c77pWdcU/i+bwD6XxMb8A=",
        "owner": "nixos",
        "repo": "nixpkgs",
        "rev": "9f0c42f8bc7151b8e7e5840fb3bd454ad850d8c5",
        "type": "github"
      },
      "original": {
        "owner": "nixos",
        "ref": "nixos-unstable",
        "repo": "nixpkgs",
        "type": "github"
      }
    },
    "plasma-manager": {
      "inputs": {
        "home-manager": [
          "home-manager"
        ],
        "nixpkgs": [
          "nixpkgs"
        ]
      },
      "locked": {
        "lastModified": 1767662275,
        "narHash": "sha256-d5Q1GmQ+sW1Bt8cgDE0vOihzLaswsm8cSdg8124EqXE=",
        "owner": "nix-community",
        "repo": "plasma-manager",
        "rev": "51816be33a1ff0d4b22427de83222d5bfa96d30e",
        "type": "github"
      },
      "original": {
        "owner": "nix-community",
        "repo": "plasma-manager",
        "type": "github"
      }
    },
    "root": {
      "inputs": {
        "home-manager": "home-manager",
        "nixpkgs": "nixpkgs",
        "plasma-manager": "plasma-manager"
      }
    }
  },
  "root": "root",
  "version": 7
}
