{
  "nodes": {
    "disko": {
      "inputs": {
        "nixpkgs": [
          "nixpkgs"
        ]
      },
      "locked": {
        "lastModified": 1772420042,
        "narHash": "sha256-naZz40TUFMa0E0CutvwWsSPhgD5JldyTUDEgP9ADpfU=",
        "owner": "nix-community",
        "repo": "disko",
        "rev": "5af7af10f14706e4095bd6bc0d9373eb097283c6",
        "type": "github"
      },
      "original": {
        "owner": "nix-community",
        "repo": "disko",
        "type": "github"
      }
    },
    "home-manager": {
      "inputs": {
        "nixpkgs": [
          "nixpkgs"
        ]
      },
      "locked": {
        "lastModified": 1772380125,
        "narHash": "sha256-8C+y46xA9bxcchj9GeDPJaRUDApaA3sy2fhJr1bTbUw=",
        "owner": "nix-community",
        "repo": "home-manager",
        "rev": "a07a44a839eb036e950bf397d9b782916f8dcab3",
        "type": "github"
      },
      "original": {
        "owner": "nix-community",
        "ref": "release-25.11",
        "repo": "home-manager",
        "type": "github"
      }
    },
    "impermanence": {
      "inputs": {
        "home-manager": [
          "home-manager"
        ],
        "nixpkgs": [
          "nixpkgs"
        ]
      },
      "locked": {
        "lastModified": 1769548169,
        "narHash": "sha256-03+JxvzmfwRu+5JafM0DLbxgHttOQZkUtDWBmeUkN8Y=",
        "owner": "nix-community",
        "repo": "impermanence",
        "rev": "7b1d382faf603b6d264f58627330f9faa5cba149",
        "type": "github"
      },
      "original": {
        "owner": "nix-community",
        "repo": "impermanence",
        "type": "github"
      }
    },
    "nixpkgs": {
      "locked": {
        "lastModified": 1772047000,
        "narHash": "sha256-7DaQVv4R97cii/Qdfy4tmDZMB2xxtyIvNGSwXBBhSmo=",
        "owner": "nixos",
        "repo": "nixpkgs",
        "rev": "1267bb4920d0fc06ea916734c11b0bf004bbe17e",
        "type": "github"
      },
      "original": {
        "owner": "nixos",
        "ref": "nixos-25.11",
        "repo": "nixpkgs",
        "type": "github"
      }
    },
    "plasma-manager": {
      "inputs": {
        "home-manager": [
          "home-manager"
        ],
        "nixpkgs": [
          "nixpkgs"
        ]
      },
      "locked": {
        "lastModified": 1772361940,
        "narHash": "sha256-B1Cz+ydL1iaOnGlwOFld/C8lBECPtzhiy/pP93/CuyY=",
        "owner": "nix-community",
        "repo": "plasma-manager",
        "rev": "a4b33606111c9c5dcd10009042bb710307174f51",
        "type": "github"
      },
      "original": {
        "owner": "nix-community",
        "repo": "plasma-manager",
        "type": "github"
      }
    },
    "root": {
      "inputs": {
        "disko": "disko",
        "home-manager": "home-manager",
        "impermanence": "impermanence",
        "nixpkgs": "nixpkgs",
        "plasma-manager": "plasma-manager",
        "sops-nix": "sops-nix"
      }
    },
    "sops-nix": {
      "inputs": {
        "nixpkgs": [
          "nixpkgs"
        ]
      },
      "locked": {
        "lastModified": 1772401007,
        "narHash": "sha256-YHykQg0h9hrlZGpMcywnaFzQ1Kn/5YNCCOSaaAl6z7Q=",
        "owner": "Mic92",
        "repo": "sops-nix",
        "rev": "d8be5ea4cd3bc363492ab5bc6e874ccdc5465fe4",
        "type": "github"
      },
      "original": {
        "owner": "Mic92",
        "repo": "sops-nix",
        "type": "github"
      }
    }
  },
  "root": "root",
  "version": 7
}
